version = 1
revision = 3
requires-python = ">=3.10"

[[package]]
name = "yt-dlp"
version = "2026.3.17"
source = { registry = "https://pypi.org/simple" }
sdist = { url = "https://files.pythonhosted.org/packages/8b/34/7c6b4e3f89cb6416d2cd7ab6dab141a1df97ab0fb22d15816db2c92148c9/yt_dlp-2026.3.17.tar.gz", hash = "sha256:ba7aa31d533f1ffccfe70e421596d7ca8ff0bf1398dc6bb658b7d9dec057d2c9", size = 3119221, upload-time = "2026-03-17T23:43:00.244Z" }
wheels = [
    { url = "https://files.pythonhosted.org/packages/cd/13/5093bcb954878e50f7217fd2ab94282b53934022e4e4a03265582da83bf5/yt_dlp-2026.3.17-py3-none-any.whl", hash = "sha256:32992db94303a8a5d211a183f2174834fe7f8c29d83ed2e7a324eae97a8f26d8", size = 3315134, upload-time = "2026-03-17T23:42:57.863Z" },
]

[[package]]
name = "yt-dlp-chrome"
version = "0.1.0"
source = { virtual = "." }
dependencies = [
    { name = "yt-dlp" },
    { name = "yt-dlp-ejs" },
]

[package.metadata]
requires-dist = [
    { name = "yt-dlp" },
    { name = "yt-dlp-ejs", specifier = ">=0.8.0" },
]

[[package]]
name = "yt-dlp-ejs"
version = "0.8.0"
source = { registry = "https://pypi.org/simple" }
sdist = { url = "https://files.pythonhosted.org/packages/d3/e6/cceb9530e8f4e5940f6f7822d90e9d94f1b85343329a16baaf47bbbb3de1/yt_dlp_ejs-0.8.0.tar.gz", hash = "sha256:d5fa1639f63b5c4af8d932495f60689d5370f1a095782c944f7f62a303eb104e", size = 96571, upload-time = "2026-03-17T22:49:19.299Z" }
wheels = [
    { url = "https://files.pythonhosted.org/packages/e3/bd/520769863744b669440a924271a6159ddd82ad5ae26b4ac4d4b69e9f8d44/yt_dlp_ejs-0.8.0-py3-none-any.whl", hash = "sha256:79300e5fca7f937a1eeede11f0456862c1b41107ce1d726871e0207424f4bdb4", size = 53443, upload-time = "2026-03-17T22:49:17.736Z" },
]
